{
  "name": "digifujam",
  "version": "1.0.0",
  "lockfileVersion": 1,
  "requires": true,
  "dependencies": {
    "adsr": {
      "version": "1.0.1",
      "resolved": "https://registry.npmjs.org/adsr/-/adsr-1.0.1.tgz",
      "integrity": "sha1-p7wI5e+KceY2SryW/OffHESIHMM="
    },
    "audio-loader": {
      "version": "0.5.0",
      "resolved": "https://registry.npmjs.org/audio-loader/-/audio-loader-0.5.0.tgz",
      "integrity": "sha1-nBJdGyXDPNliYIQFTZ9rfzHdyQg="
    },
    "midimessage": {
      "version": "1.0.5",
      "resolved": "https://registry.npmjs.org/midimessage/-/midimessage-1.0.5.tgz",
      "integrity": "sha1-rZnwTYY6BTolY9VTxb81BwtIgCw="
    },
    "note-parser": {
      "version": "2.0.1",
      "resolved": "https://registry.npmjs.org/note-parser/-/note-parser-2.0.1.tgz",
      "integrity": "sha1-JDj9V6RolLQCs6IHF5hmASnI+8E="
    },
    "sample-player": {
      "version": "0.5.5",
      "resolved": "https://registry.npmjs.org/sample-player/-/sample-player-0.5.5.tgz",
      "integrity": "sha1-vDW+o0Scb6lyUo8CKpu8KHIZVjc=",
      "requires": {
        "adsr": "^1.0.0",
        "midimessage": "^1.0.5",
        "note-parser": "^1.1.0"
      },
      "dependencies": {
        "note-parser": {
          "version": "1.1.0",
          "resolved": "https://registry.npmjs.org/note-parser/-/note-parser-1.1.0.tgz",
          "integrity": "sha1-EunxflFFDsmU8TZKAZgsImZ7jms="
        }
      }
    },
    "soundfont-player": {
      "version": "0.12.0",
      "resolved": "https://registry.npmjs.org/soundfont-player/-/soundfont-player-0.12.0.tgz",
      "integrity": "sha512-8BJIsAt7h1PK3thSZDgF6zecgGhYkK74JnZO8WRZi3h34qG6H/DYlnv7cpRvL7Q9C8N6qld4Qwj7nJsX1gYjEA==",
      "requires": {
        "audio-loader": "^0.5.0",
        "note-parser": "^2.0.0",
        "sample-player": "^0.5.5"
      }
    },
    "ws": {
      "version": "7.4.2",
      "resolved": "https://registry.npmjs.org/ws/-/ws-7.4.2.tgz",
      "integrity": "sha512-T4tewALS3+qsrpGI/8dqNMLIVdq/g/85U98HPMa6F0m6xTbvhXU6RCQLqPH3+SlomNV/LdY6RXEbBpMH6EOJnA=="
    }
  }
}
